// !$*UTF8*$!
{
	archiveVersion = 1;
	classes = {
	};
	objectVersion = 56;
	objects = {

/* Begin PBXBuildFile section */
		04B2276D29B081220014C7C0 /* AppDelegate.swift in Sources */ = {isa = PBXBuildFile; fileRef = 04B2276C29B081220014C7C0 /* AppDelegate.swift */; };
		04B2276F29B081220014C7C0 /* SceneDelegate.swift in Sources */ = {isa = PBXBuildFile; fileRef = 04B2276E29B081220014C7C0 /* SceneDelegate.swift */; };
		04B2277129B081220014C7C0 /* ViewController.swift in Sources */ = {isa = PBXBuildFile; fileRef = 04B2277029B081220014C7C0 /* ViewController.swift */; };
		04B2277429B081220014C7C0 /* Main.storyboard in Resources */ = {isa = PBXBuildFile; fileRef = 04B2277229B081220014C7C0 /* Main.storyboard */; };
		04B2277629B081240014C7C0 /* Assets.xcassets in Resources */ = {isa = PBXBuildFile; fileRef = 04B2277529B081240014C7C0 /* Assets.xcassets */; };
		04B2277929B081240014C7C0 /* LaunchScreen.storyboard in Resources */ = {isa = PBXBuildFile; fileRef = 04B2277729B081240014C7C0 /* LaunchScreen.storyboard */; };
		04B2278429B081250014C7C0 /* iOSBlueToothTests.swift in Sources */ = {isa = PBXBuildFile; fileRef = 04B2278329B081250014C7C0 /* iOSBlueToothTests.swift */; };
		04B2278E29B081250014C7C0 /* iOSBlueToothUITests.swift in Sources */ = {isa = PBXBuildFile; fileRef = 04B2278D29B081250014C7C0 /* iOSBlueToothUITests.swift */; };
		04B2279029B081250014C7C0 /* iOSBlueToothUITestsLaunchTests.swift in Sources */ = {isa = PBXBuildFile; fileRef = 04B2278F29B081250014C7C0 /* iOSBlueToothUITestsLaunchTests.swift */; };
/* End PBXBuildFile section */

/* Begin PBXContainerItemProxy section */
		04B2278029B081250014C7C0 /* PBXContainerItemProxy */ = {
			isa = PBXContainerItemProxy;
			containerPortal = 04B2276129B081220014C7C0 /* Project object */;
			proxyType = 1;
			remoteGlobalIDString = 04B2276829B081220014C7C0;
			remoteInfo = iOSBlueTooth;
		};
		04B2278A29B081250014C7C0 /* PBXContainerItemProxy */ = {
			isa = PBXContainerItemProxy;
			containerPortal = 04B2276129B081220014C7C0 /* Project object */;
			proxyType = 1;
			remoteGlobalIDString = 04B2276829B081220014C7C0;
			remoteInfo = iOSBlueTooth;
		};
/* End PBXContainerItemProxy section */

/* Begin PBXFileReference section */
		04B2276929B081220014C7C0 /* iOSBlueTooth.app */ = {isa = PBXFileReference; explicitFileType = wrapper.application; includeInIndex = 0; path = iOSBlueTooth.app; sourceTree = BUILT_PRODUCTS_DIR; };
		04B2276C29B081220014C7C0 /* AppDelegate.swift */ = {isa = PBXFileReference; lastKnownFileType = sourcecode.swift; path = AppDelegate.swift; sourceTree = "<group>"; };
		04B2276E29B081220014C7C0 /* SceneDelegate.swift */ = {isa = PBXFileReference; lastKnownFileType = sourcecode.swift; path = SceneDelegate.swift; sourceTree = "<group>"; };
		04B2277029B081220014C7C0 /* ViewController.swift */ = {isa = PBXFileReference; lastKnownFileType = sourcecode.swift; path = ViewController.swift; sourceTree = "<group>"; };
		04B2277329B081220014C7C0 /* Base */ = {isa = PBXFileReference; lastKnownFileType = file.storyboard; name = Base; path = Base.lproj/Main.storyboard; sourceTree = "<group>"; };
		04B2277529B081240014C7C0 /* Assets.xcassets */ = {isa = PBXFileReference; lastKnownFileType = folder.assetcatalog; path = Assets.xcassets; sourceTree = "<group>"; };
		04B2277829B081240014C7C0 /* Base */ = {isa = PBXFileReference; lastKnownFileType = file.storyboard; name = Base; path = Base.lproj/LaunchScreen.storyboard; sourceTree = "<group>"; };
		04B2277A29B081240014C7C0 /* Info.plist */ = {isa = PBXFileReference; lastKnownFileType = text.plist.xml; path = Info.plist; sourceTree = "<group>"; };
		04B2277F29B081250014C7C0 /* iOSBlueToothTests.xctest */ = {isa = PBXFileReference; explicitFileType = wrapper.cfbundle; includeInIndex = 0; path = iOSBlueToothTests.xctest; sourceTree = BUILT_PRODUCTS_DIR; };
		04B2278329B081250014C7C0 /* iOSBlueToothTests.swift */ = {isa = PBXFileReference; lastKnownFileType = sourcecode.swift; path = iOSBlueToothTests.swift; sourceTree = "<group>"; };
		04B2278929B081250014C7C0 /* iOSBlueToothUITests.xctest */ = {isa = PBXFileReference; explicitFileType = wrapper.cfbundle; includeInIndex = 0; path = iOSBlueToothUITests.xctest; sourceTree = BUILT_PRODUCTS_DIR; };
		04B2278D29B081250014C7C0 /* iOSBlueToothUITests.swift */ = {isa = PBXFileReference; lastKnownFileType = sourcecode.swift; path = iOSBlueToothUITests.swift; sourceTree = "<group>"; };
		04B2278F29B081250014C7C0 /* iOSBlueToothUITestsLaunchTests.swift */ = {isa = PBXFileReference; lastKnownFileType = sourcecode.swift; path = iOSBlueToothUITestsLaunchTests.swift; sourceTree = "<group>"; };
/* End PBXFileReference section */

/* Begin PBXFrameworksBuildPhase section */
		04B2276629B081220014C7C0 /* Frameworks */ = {
			isa = PBXFrameworksBuildPhase;
			buildActionMask = 2147483647;
			files = (
			);
			runOnlyForDeploymentPostprocessing = 0;
		};
		04B2277C29B081250014C7C0 /* Frameworks */ = {
			isa = PBXFrameworksBuildPhase;
			buildActionMask = 2147483647;
			files = (
			);
			runOnlyForDeploymentPostprocessing = 0;
		};
		04B2278629B081250014C7C0 /* Frameworks */ = {
			isa = PBXFrameworksBuildPhase;
			buildActionMask = 2147483647;
			files = (
			);
			runOnlyForDeploymentPostprocessing = 0;
		};
/* End PBXFrameworksBuildPhase section */

/* Begin PBXGroup section */
		04B2276029B081220014C7C0 = {
			isa = PBXGroup;
			children = (
				04B2276B29B081220014C7C0 /* iOSBlueTooth */,
				04B2278229B081250014C7C0 /* iOSBlueToothTests */,
				04B2278C29B081250014C7C0 /* iOSBlueToothUITests */,
				04B2276A29B081220014C7C0 /* Products */,
			);
			sourceTree = "<group>";
		};
		04B2276A29B081220014C7C0 /* Products */ = {
			isa = PBXGroup;
			children = (
				04B2276929B081220014C7C0 /* iOSBlueTooth.app */,
				04B2277F29B081250014C7C0 /* iOSBlueToothTests.xctest */,
				04B2278929B081250014C7C0 /* iOSBlueToothUITests.xctest */,
			);
			name = Products;
			sourceTree = "<group>";
		};
		04B2276B29B081220014C7C0 /* iOSBlueTooth */ = {
			isa = PBXGroup;
			children = (
				04B2276C29B081220014C7C0 /* AppDelegate.swift */,
				04B2276E29B081220014C7C0 /* SceneDelegate.swift */,
				04B2277029B081220014C7C0 /* ViewController.swift */,
				04B2277229B081220014C7C0 /* Main.storyboard */,
				04B2277529B081240014C7C0 /* Assets.xcassets */,
				04B2277729B081240014C7C0 /* LaunchScreen.storyboard */,
				04B2277A29B081240014C7C0 /* Info.plist */,
			);
			path = iOSBlueTooth;
			sourceTree = "<group>";
		};
		04B2278229B081250014C7C0 /* iOSBlueToothTests */ = {
			isa = PBXGroup;
			children = (
				04B2278329B081250014C7C0 /* iOSBlueToothTests.swift */,
			);
			path = iOSBlueToothTests;
			sourceTree = "<group>";
		};
		04B2278C29B081250014C7C0 /* iOSBlueToothUITests */ = {
			isa = PBXGroup;
			children = (
				04B2278D29B081250014C7C0 /* iOSBlueToothUITests.swift */,
				04B2278F29B081250014C7C0 /* iOSBlueToothUITestsLaunchTests.swift */,
			);
			path = iOSBlueToothUITests;
			sourceTree = "<group>";
		};
/* End PBXGroup section */

/* Begin PBXNativeTarget section */
		04B2276829B081220014C7C0 /* iOSBlueTooth */ = {
			isa = PBXNativeTarget;
			buildConfigurationList = 04B2279329B081250014C7C0 /* Build configuration list for PBXNativeTarget "iOSBlueTooth" */;
			buildPhases = (
				04B2276529B081220014C7C0 /* Sources */,
				04B2276629B081220014C7C0 /* Frameworks */,
				04B2276729B081220014C7C0 /* Resources */,
			);
			buildRules = (
			);
			dependencies = (
			);
			name = iOSBlueTooth;
			productName = iOSBlueTooth;
			productReference = 04B2276929B081220014C7C0 /* iOSBlueTooth.app */;
			productType = "com.apple.product-type.application";
		};
		04B2277E29B081250014C7C0 /* iOSBlueToothTests */ = {
			isa = PBXNativeTarget;
			buildConfigurationList = 04B2279629B081250014C7C0 /* Build configuration list for PBXNativeTarget "iOSBlueToothTests" */;
			buildPhases = (
				04B2277B29B081250014C7C0 /* Sources */,
				04B2277C29B081250014C7C0 /* Frameworks */,
				04B2277D29B081250014C7C0 /* Resources */,
			);
			buildRules = (
			);
			dependencies = (
				04B2278129B081250014C7C0 /* PBXTargetDependency */,
			);
			name = iOSBlueToothTests;
			productName = iOSBlueToothTests;
			productReference = 04B2277F29B081250014C7C0 /* iOSBlueToothTests.xctest */;
			productType = "com.apple.product-type.bundle.unit-test";
		};
		04B2278829B081250014C7C0 /* iOSBlueToothUITests */ = {
			isa = PBXNativeTarget;
			buildConfigurationList = 04B2279929B081250014C7C0 /* Build configuration list for PBXNativeTarget "iOSBlueToothUITests" */;
			buildPhases = (
				04B2278529B081250014C7C0 /* Sources */,
				04B2278629B081250014C7C0 /* Frameworks */,
				04B2278729B081250014C7C0 /* Resources */,
			);
			buildRules = (
			);
			dependencies = (
				04B2278B29B081250014C7C0 /* PBXTargetDependency */,
			);
			name = iOSBlueToothUITests;
			productName = iOSBlueToothUITests;
			productReference = 04B2278929B081250014C7C0 /* iOSBlueToothUITests.xctest */;
			productType = "com.apple.product-type.bundle.ui-testing";
		};
/* End PBXNativeTarget section */

/* Begin PBXProject section */
		04B2276129B081220014C7C0 /* Project object */ = {
			isa = PBXProject;
			attributes = {
				BuildIndependentTargetsInParallel = 1;
				LastSwiftUpdateCheck = 1420;
				LastUpgradeCheck = 1420;
				TargetAttributes = {
					04B2276829B081220014C7C0 = {
						CreatedOnToolsVersion = 14.2;
					};
					04B2277E29B081250014C7C0 = {
						CreatedOnToolsVersion = 14.2;
						TestTargetID = 04B2276829B081220014C7C0;
					};
					04B2278829B081250014C7C0 = {
						CreatedOnToolsVersion = 14.2;
						TestTargetID = 04B2276829B081220014C7C0;
					};
				};
			};
			buildConfigurationList = 04B2276429B081220014C7C0 /* Build configuration list for PBXProject "iOSBlueTooth" */;
			compatibilityVersion = "Xcode 14.0";
			developmentRegion = en;
			hasScannedForEncodings = 0;
			knownRegions = (
				en,
				Base,
			);
			mainGroup = 04B2276029B081220014C7C0;
			productRefGroup = 04B2276A29B081220014C7C0 /* Products */;
			projectDirPath = "";
			projectRoot = "";
			targets = (
				04B2276829B081220014C7C0 /* iOSBlueTooth */,
				04B2277E29B081250014C7C0 /* iOSBlueToothTests */,
				04B2278829B081250014C7C0 /* iOSBlueToothUITests */,
			);
		};
/* End PBXProject section */

/* Begin PBXResourcesBuildPhase section */
		04B2276729B081220014C7C0 /* Resources */ = {
			isa = PBXResourcesBuildPhase;
			buildActionMask = 2147483647;
			files = (
				04B2277929B081240014C7C0 /* LaunchScreen.storyboard in Resources */,
				04B2277629B081240014C7C0 /* Assets.xcassets in Resources */,
				04B2277429B081220014C7C0 /* Main.storyboard in Resources */,
			);
			runOnlyForDeploymentPostprocessing = 0;
		};
		04B2277D29B081250014C7C0 /* Resources */ = {
			isa = PBXResourcesBuildPhase;
			buildActionMask = 2147483647;
			files = (
			);
			runOnlyForDeploymentPostprocessing = 0;
		};
		04B2278729B081250014C7C0 /* Resources */ = {
			isa = PBXResourcesBuildPhase;
			buildActionMask = 2147483647;
			files = (
			);
			runOnlyForDeploymentPostprocessing = 0;
		};
/* End PBXResourcesBuildPhase section */

/* Begin PBXSourcesBuildPhase section */
		04B2276529B081220014C7C0 /* Sources */ = {
			isa = PBXSourcesBuildPhase;
			buildActionMask = 2147483647;
			files = (
				04B2277129B081220014C7C0 /* ViewController.swift in Sources */,
				04B2276D29B081220014C7C0 /* AppDelegate.swift in Sources */,
				04B2276F29B081220014C7C0 /* SceneDelegate.swift in Sources */,
			);
			runOnlyForDeploymentPostprocessing = 0;
		};
		04B2277B29B081250014C7C0 /* Sources */ = {
			isa = PBXSourcesBuildPhase;
			buildActionMask = 2147483647;
			files = (
				04B2278429B081250014C7C0 /* iOSBlueToothTests.swift in Sources */,
			);
			runOnlyForDeploymentPostprocessing = 0;
		};
		04B2278529B081250014C7C0 /* Sources */ = {
			isa = PBXSourcesBuildPhase;
			buildActionMask = 2147483647;
			files = (
				04B2278E29B081250014C7C0 /* iOSBlueToothUITests.swift in Sources */,
				04B2279029B081250014C7C0 /* iOSBlueToothUITestsLaunchTests.swift in Sources */,
			);
			runOnlyForDeploymentPostprocessing = 0;
		};
/* End PBXSourcesBuildPhase section */

/* Begin PBXTargetDependency section */
		04B2278129B081250014C7C0 /* PBXTargetDependency */ = {
			isa = PBXTargetDependency;
			target = 04B2276829B081220014C7C0 /* iOSBlueTooth */;
			targetProxy = 04B2278029B081250014C7C0 /* PBXContainerItemProxy */;
		};
		04B2278B29B081250014C7C0 /* PBXTargetDependency */ = {
			isa = PBXTargetDependency;
			target = 04B2276829B081220014C7C0 /* iOSBlueTooth */;
			targetProxy = 04B2278A29B081250014C7C0 /* PBXContainerItemProxy */;
		};
/* End PBXTargetDependency section */

/* Begin PBXVariantGroup section */
		04B2277229B081220014C7C0 /* Main.storyboard */ = {
			isa = PBXVariantGroup;
			children = (
				04B2277329B081220014C7C0 /* Base */,
			);
			name = Main.storyboard;
			sourceTree = "<group>";
		};
		04B2277729B081240014C7C0 /* LaunchScreen.storyboard */ = {
			isa = PBXVariantGroup;
			children = (
				04B2277829B081240014C7C0 /* Base */,
			);
			name = LaunchScreen.storyboard;
			sourceTree = "<group>";
		};
/* End PBXVariantGroup section */

/* Begin XCBuildConfiguration section */
		04B2279129B081250014C7C0 /* Debug */ = {
			isa = XCBuildConfiguration;
			buildSettings = {
				ALWAYS_SEARCH_USER_PATHS = NO;
				CLANG_ANALYZER_NONNULL = YES;
				CLANG_ANALYZER_NUMBER_OBJECT_CONVERSION = YES_AGGRESSIVE;
				CLANG_CXX_LANGUAGE_STANDARD = "gnu++20";
				CLANG_ENABLE_MODULES = YES;
				CLANG_ENABLE_OBJC_ARC = YES;
				CLANG_ENABLE_OBJC_WEAK = YES;
				CLANG_WARN_BLOCK_CAPTURE_AUTORELEASING = YES;
				CLANG_WARN_BOOL_CONVERSION = YES;
				CLANG_WARN_COMMA = YES;
				CLANG_WARN_CONSTANT_CONVERSION = YES;
				CLANG_WARN_DEPRECATED_OBJC_IMPLEMENTATIONS = YES;
				CLANG_WARN_DIRECT_OBJC_ISA_USAGE = YES_ERROR;
				CLANG_WARN_DOCUMENTATION_COMMENTS = YES;
				CLANG_WARN_EMPTY_BODY = YES;
				CLANG_WARN_ENUM_CONVERSION = YES;
				CLANG_WARN_INFINITE_RECURSION = YES;
				CLANG_WARN_INT_CONVERSION = YES;
				CLANG_WARN_NON_LITERAL_NULL_CONVERSION = YES;
				CLANG_WARN_OBJC_IMPLICIT_RETAIN_SELF = YES;
				CLANG_WARN_OBJC_LITERAL_CONVERSION = YES;
				CLANG_WARN_OBJC_ROOT_CLASS = YES_ERROR;
				CLANG_WARN_QUOTED_INCLUDE_IN_FRAMEWORK_HEADER = YES;
				CLANG_WARN_RANGE_LOOP_ANALYSIS = YES;
				CLANG_WARN_STRICT_PROTOTYPES = YES;
				CLANG_WARN_SUSPICIOUS_MOVE = YES;
				CLANG_WARN_UNGUARDED_AVAILABILITY = YES_AGGRESSIVE;
				CLANG_WARN_UNREACHABLE_CODE = YES;
				CLANG_WARN__DUPLICATE_METHOD_MATCH = YES;
				COPY_PHASE_STRIP = NO;
				DEBUG_INFORMATION_FORMAT = dwarf;
				ENABLE_STRICT_OBJC_MSGSEND = YES;
				ENABLE_TESTABILITY = YES;
				GCC_C_LANGUAGE_STANDARD = gnu11;
				GCC_DYNAMIC_NO_PIC = NO;
				GCC_NO_COMMON_BLOCKS = YES;
				GCC_OPTIMIZATION_LEVEL = 0;
				GCC_PREPROCESSOR_DEFINITIONS = (
					"DEBUG=1",
					"$(inherited)",
				);
				GCC_WARN_64_TO_32_BIT_CONVERSION = YES;
				GCC_WARN_ABOUT_RETURN_TYPE = YES_ERROR;
				GCC_WARN_UNDECLARED_SELECTOR = YES;
				GCC_WARN_UNINITIALIZED_AUTOS = YES_AGGRESSIVE;
				GCC_WARN_UNUSED_FUNCTION = YES;
				GCC_WARN_UNUSED_VARIABLE = YES;
				IPHONEOS_DEPLOYMENT_TARGET = 16.2;
				MTL_ENABLE_DEBUG_INFO = INCLUDE_SOURCE;
				MTL_FAST_MATH = YES;
				ONLY_ACTIVE_ARCH = YES;
				SDKROOT = iphoneos;
				SWIFT_ACTIVE_COMPILATION_CONDITIONS = DEBUG;
				SWIFT_OPTIMIZATION_LEVEL = "-Onone";
			};
			name = Debug;
		};
		04B2279229B081250014C7C0 /* Release */ = {
			isa = XCBuildConfiguration;
			buildSettings = {
				ALWAYS_SEARCH_USER_PATHS = NO;
				CLANG_ANALYZER_NONNULL = YES;
				CLANG_ANALYZER_NUMBER_OBJECT_CONVERSION = YES_AGGRESSIVE;
				CLANG_CXX_LANGUAGE_STANDARD = "gnu++20";
				CLANG_ENABLE_MODULES = YES;
				CLANG_ENABLE_OBJC_ARC = YES;
				CLANG_ENABLE_OBJC_WEAK = YES;
				CLANG_WARN_BLOCK_CAPTURE_AUTORELEASING = YES;
				CLANG_WARN_BOOL_CONVERSION = YES;
				CLANG_WARN_COMMA = YES;
				CLANG_WARN_CONSTANT_CONVERSION = YES;
				CLANG_WARN_DEPRECATED_OBJC_IMPLEMENTATIONS = YES;
				CLANG_WARN_DIRECT_OBJC_ISA_USAGE = YES_ERROR;
				CLANG_WARN_DOCUMENTATION_COMMENTS = YES;
				CLANG_WARN_EMPTY_BODY = YES;
				CLANG_WARN_ENUM_CONVERSION = YES;
				CLANG_WARN_INFINITE_RECURSION = YES;
				CLANG_WARN_INT_CONVERSION = YES;
				CLANG_WARN_NON_LITERAL_NULL_CONVERSION = YES;
				CLANG_WARN_OBJC_IMPLICIT_RETAIN_SELF = YES;
				CLANG_WARN_OBJC_LITERAL_CONVERSION = YES;
				CLANG_WARN_OBJC_ROOT_CLASS = YES_ERROR;
				CLANG_WARN_QUOTED_INCLUDE_IN_FRAMEWORK_HEADER = YES;
				CLANG_WARN_RANGE_LOOP_ANALYSIS = YES;
				CLANG_WARN_STRICT_PROTOTYPES = YES;
				CLANG_WARN_SUSPICIOUS_MOVE = YES;
				CLANG_WARN_UNGUARDED_AVAILABILITY = YES_AGGRESSIVE;
				CLANG_WARN_UNREACHABLE_CODE = YES;
				CLANG_WARN__DUPLICATE_METHOD_MATCH = YES;
				COPY_PHASE_STRIP = NO;
				DEBUG_INFORMATION_FORMAT = "dwarf-with-dsym";
				ENABLE_NS_ASSERTIONS = NO;
				ENABLE_STRICT_OBJC_MSGSEND = YES;
				GCC_C_LANGUAGE_STANDARD = gnu11;
				GCC_NO_COMMON_BLOCKS = YES;
				GCC_WARN_64_TO_32_BIT_CONVERSION = YES;
				GCC_WARN_ABOUT_RETURN_TYPE = YES_ERROR;
				GCC_WARN_UNDECLARED_SELECTOR = YES;
				GCC_WARN_UNINITIALIZED_AUTOS = YES_AGGRESSIVE;
				GCC_WARN_UNUSED_FUNCTION = YES;
				GCC_WARN_UNUSED_VARIABLE = YES;
				IPHONEOS_DEPLOYMENT_TARGET = 16.2;
				MTL_ENABLE_DEBUG_INFO = NO;
				MTL_FAST_MATH = YES;
				SDKROOT = iphoneos;
				SWIFT_COMPILATION_MODE = wholemodule;
				SWIFT_OPTIMIZATION_LEVEL = "-O";
				VALIDATE_PRODUCT = YES;
			};
			name = Release;
		};
		04B2279429B081250014C7C0 /* Debug */ = {
			isa = XCBuildConfiguration;
			buildSettings = {
				ASSETCATALOG_COMPILER_APPICON_NAME = AppIcon;
				ASSETCATALOG_COMPILER_GLOBAL_ACCENT_COLOR_NAME = AccentColor;
				CODE_SIGN_STYLE = Automatic;
				CURRENT_PROJECT_VERSION = 1;
				DEVELOPMENT_TEAM = VHS54767NW;
				GENERATE_INFOPLIST_FILE = YES;
				INFOPLIST_FILE = iOSBlueTooth/Info.plist;
				INFOPLIST_KEY_UIApplicationSupportsIndirectInputEvents = YES;
				INFOPLIST_KEY_UILaunchStoryboardName = LaunchScreen;
				INFOPLIST_KEY_UIMainStoryboardFile = Main;
				INFOPLIST_KEY_UISupportedInterfaceOrientations_iPad = "UIInterfaceOrientationPortrait UIInterfaceOrientationPortraitUpsideDown UIInterfaceOrientationLandscapeLeft UIInterfaceOrientationLandscapeRight";
				INFOPLIST_KEY_UISupportedInterfaceOrientations_iPhone = "UIInterfaceOrientationPortrait UIInterfaceOrientationLandscapeLeft UIInterfaceOrientationLandscapeRight";
				LD_RUNPATH_SEARCH_PATHS = (
					"$(inherited)",
					"@executable_path/Frameworks",
				);
				MARKETING_VERSION = 1.0;
				PRODUCT_BUNDLE_IDENTIFIER = com.wu.iOSBlueTooth;
				PRODUCT_NAME = "$(TARGET_NAME)";
				SWIFT_EMIT_LOC_STRINGS = YES;
				SWIFT_VERSION = 5.0;
				TARGETED_DEVICE_FAMILY = "1,2";
			};
			name = Debug;
		};
		04B2279529B081250014C7C0 /* Release */ = {
			isa = XCBuildConfiguration;
			buildSettings = {
				ASSETCATALOG_COMPILER_APPICON_NAME = AppIcon;
				ASSETCATALOG_COMPILER_GLOBAL_ACCENT_COLOR_NAME = AccentColor;
				CODE_SIGN_STYLE = Automatic;
				CURRENT_PROJECT_VERSION = 1;
				DEVELOPMENT_TEAM = VHS54767NW;
				GENERATE_INFOPLIST_FILE = YES;
				INFOPLIST_FILE = iOSBlueTooth/Info.plist;
				INFOPLIST_KEY_UIApplicationSupportsIndirectInputEvents = YES;
				INFOPLIST_KEY_UILaunchStoryboardName = LaunchScreen;
				INFOPLIST_KEY_UIMainStoryboardFile = Main;
				INFOPLIST_KEY_UISupportedInterfaceOrientations_iPad = "UIInterfaceOrientationPortrait UIInterfaceOrientationPortraitUpsideDown UIInterfaceOrientationLandscapeLeft UIInterfaceOrientationLandscapeRight";
				INFOPLIST_KEY_UISupportedInterfaceOrientations_iPhone = "UIInterfaceOrientationPortrait UIInterfaceOrientationLandscapeLeft UIInterfaceOrientationLandscapeRight";
				LD_RUNPATH_SEARCH_PATHS = (
					"$(inherited)",
					"@executable_path/Frameworks",
				);
				MARKETING_VERSION = 1.0;
				PRODUCT_BUNDLE_IDENTIFIER = com.wu.iOSBlueTooth;
				PRODUCT_NAME = "$(TARGET_NAME)";
				SWIFT_EMIT_LOC_STRINGS = YES;
				SWIFT_VERSION = 5.0;
				TARGETED_DEVICE_FAMILY = "1,2";
			};
			name = Release;
		};
		04B2279729B081250014C7C0 /* Debug */ = {
			isa = XCBuildConfiguration;
			buildSettings = {
				ALWAYS_EMBED_SWIFT_STANDARD_LIBRARIES = YES;
				BUNDLE_LOADER = "$(TEST_HOST)";
				CODE_SIGN_STYLE = Automatic;
				CURRENT_PROJECT_VERSION = 1;
				DEVELOPMENT_TEAM = VHS54767NW;
				GENERATE_INFOPLIST_FILE = YES;
				IPHONEOS_DEPLOYMENT_TARGET = 16.2;
				MARKETING_VERSION = 1.0;
				PRODUCT_BUNDLE_IDENTIFIER = com.wu.iOSBlueToothTests;
				PRODUCT_NAME = "$(TARGET_NAME)";
				SWIFT_EMIT_LOC_STRINGS = NO;
				SWIFT_VERSION = 5.0;
				TARGETED_DEVICE_FAMILY = "1,2";
				TEST_HOST = "$(BUILT_PRODUCTS_DIR)/iOSBlueTooth.app/$(BUNDLE_EXECUTABLE_FOLDER_PATH)/iOSBlueTooth";
			};
			name = Debug;
		};
		04B2279829B081250014C7C0 /* Release */ = {
			isa = XCBuildConfiguration;
			buildSettings = {
				ALWAYS_EMBED_SWIFT_STANDARD_LIBRARIES = YES;
				BUNDLE_LOADER = "$(TEST_HOST)";
				CODE_SIGN_STYLE = Automatic;
				CURRENT_PROJECT_VERSION = 1;
				DEVELOPMENT_TEAM = VHS54767NW;
				GENERATE_INFOPLIST_FILE = YES;
				IPHONEOS_DEPLOYMENT_TARGET = 16.2;
				MARKETING_VERSION = 1.0;
				PRODUCT_BUNDLE_IDENTIFIER = com.wu.iOSBlueToothTests;
				PRODUCT_NAME = "$(TARGET_NAME)";
				SWIFT_EMIT_LOC_STRINGS = NO;
				SWIFT_VERSION = 5.0;
				TARGETED_DEVICE_FAMILY = "1,2";
				TEST_HOST = "$(BUILT_PRODUCTS_DIR)/iOSBlueTooth.app/$(BUNDLE_EXECUTABLE_FOLDER_PATH)/iOSBlueTooth";
			};
			name = Release;
		};
		04B2279A29B081250014C7C0 /* Debug */ = {
			isa = XCBuildConfiguration;
			buildSettings = {
				ALWAYS_EMBED_SWIFT_STANDARD_LIBRARIES = YES;
				CODE_SIGN_STYLE = Automatic;
				CURRENT_PROJECT_VERSION = 1;
				DEVELOPMENT_TEAM = VHS54767NW;
				GENERATE_INFOPLIST_FILE = YES;
				MARKETING_VERSION = 1.0;
				PRODUCT_BUNDLE_IDENTIFIER = com.wu.iOSBlueToothUITests;
				PRODUCT_NAME = "$(TARGET_NAME)";
				SWIFT_EMIT_LOC_STRINGS = NO;
				SWIFT_VERSION = 5.0;
				TARGETED_DEVICE_FAMILY = "1,2";
				TEST_TARGET_NAME = iOSBlueTooth;
			};
			name = Debug;
		};
		04B2279B29B081250014C7C0 /* Release */ = {
			isa = XCBuildConfiguration;
			buildSettings = {
				ALWAYS_EMBED_SWIFT_STANDARD_LIBRARIES = YES;
				CODE_SIGN_STYLE = Automatic;
				CURRENT_PROJECT_VERSION = 1;
				DEVELOPMENT_TEAM = VHS54767NW;
				GENERATE_INFOPLIST_FILE = YES;
				MARKETING_VERSION = 1.0;
				PRODUCT_BUNDLE_IDENTIFIER = com.wu.iOSBlueToothUITests;
				PRODUCT_NAME = "$(TARGET_NAME)";
				SWIFT_EMIT_LOC_STRINGS = NO;
				SWIFT_VERSION = 5.0;
				TARGETED_DEVICE_FAMILY = "1,2";
				TEST_TARGET_NAME = iOSBlueTooth;
			};
			name = Release;
		};
/* End XCBuildConfiguration section */

/* Begin XCConfigurationList section */
		04B2276429B081220014C7C0 /* Build configuration list for PBXProject "iOSBlueTooth" */ = {
			isa = XCConfigurationList;
			buildConfigurations = (
				04B2279129B081250014C7C0 /* Debug */,
				04B2279229B081250014C7C0 /* Release */,
			);
			defaultConfigurationIsVisible = 0;
			defaultConfigurationName = Release;
		};
		04B2279329B081250014C7C0 /* Build configuration list for PBXNativeTarget "iOSBlueTooth" */ = {
			isa = XCConfigurationList;
			buildConfigurations = (
				04B2279429B081250014C7C0 /* Debug */,
				04B2279529B081250014C7C0 /* Release */,
			);
			defaultConfigurationIsVisible = 0;
			defaultConfigurationName = Release;
		};
		04B2279629B081250014C7C0 /* Build configuration list for PBXNativeTarget "iOSBlueToothTests" */ = {
			isa = XCConfigurationList;
			buildConfigurations = (
				04B2279729B081250014C7C0 /* Debug */,
				04B2279829B081250014C7C0 /* Release */,
			);
			defaultConfigurationIsVisible = 0;
			defaultConfigurationName = Release;
		};
		04B2279929B081250014C7C0 /* Build configuration list for PBXNativeTarget "iOSBlueToothUITests" */ = {
			isa = XCConfigurationList;
			buildConfigurations = (
				04B2279A29B081250014C7C0 /* Debug */,
				04B2279B29B081250014C7C0 /* Release */,
			);
			defaultConfigurationIsVisible = 0;
			defaultConfigurationName = Release;
		};
/* End XCConfigurationList section */
	};
	rootObject = 04B2276129B081220014C7C0 /* Project object */;
}
